// !$*UTF8*$!
{
	archiveVersion = 1;
	classes = {
	};
	objectVersion = 56;
	objects = {

/* Begin PBXBuildFile section */
		15280F4E2EC71F5700B4F4AC /* Then in Frameworks */ = {isa = PBXBuildFile; productRef = 15280F4D2EC71F5700B4F4AC /* Then */; };
		15280F512EC7251200B4F4AC /* ScreenUtils.swift in Sources */ = {isa = PBXBuildFile; fileRef = 15280F502EC7251200B4F4AC /* ScreenUtils.swift */; };
		1A62B86D2BE893A5000CB8AD /* AppDelegate.swift in Sources */ = {isa = PBXBuildFile; fileRef = 1A62B86C2BE893A5000CB8AD /* AppDelegate.swift */; };
		1A62B86F2BE893A5000CB8AD /* SceneDelegate.swift in Sources */ = {isa = PBXBuildFile; fileRef = 1A62B86E2BE893A5000CB8AD /* SceneDelegate.swift */; };
		1A62B8712BE893A5000CB8AD /* ViewController.swift in Sources */ = {isa = PBXBuildFile; fileRef = 1A62B8702BE893A5000CB8AD /* ViewController.swift */; };
		1A62B8742BE893A5000CB8AD /* Base in Resources */ = {isa = PBXBuildFile; fileRef = 1A62B8732BE893A5000CB8AD /* Base */; };
		1A62B8762BE893A7000CB8AD /* Assets.xcassets in Resources */ = {isa = PBXBuildFile; fileRef = 1A62B8752BE893A7000CB8AD /* Assets.xcassets */; };
		1A62B8792BE893A7000CB8AD /* Base in Resources */ = {isa = PBXBuildFile; fileRef = 1A62B8782BE893A7000CB8AD /* Base */; };
		1A62B8822BE8B08F000CB8AD /* SnapKit in Frameworks */ = {isa = PBXBuildFile; productRef = 1A62B8812BE8B08F000CB8AD /* SnapKit */; };
		1A62B8862BE8B67F000CB8AD /* TableViewCell.swift in Sources */ = {isa = PBXBuildFile; fileRef = 1A62B8852BE8B67F000CB8AD /* TableViewCell.swift */; };
		1A62B8882BE90DE7000CB8AD /* APIManager.swift in Sources */ = {isa = PBXBuildFile; fileRef = 1A62B8872BE90DE7000CB8AD /* APIManager.swift */; };
		1A62B88A2BE91244000CB8AD /* DataModel.swift in Sources */ = {isa = PBXBuildFile; fileRef = 1A62B8892BE91244000CB8AD /* DataModel.swift */; };
/* End PBXBuildFile section */

/* Begin PBXFileReference section */
		15280F502EC7251200B4F4AC /* ScreenUtils.swift */ = {isa = PBXFileReference; lastKnownFileType = sourcecode.swift; path = ScreenUtils.swift; sourceTree = "<group>"; };
		1A62B8692BE893A5000CB8AD /* VideoPlayApp.app */ = {isa = PBXFileReference; explicitFileType = wrapper.application; includeInIndex = 0; path = VideoPlayApp.app; sourceTree = BUILT_PRODUCTS_DIR; };
		1A62B86C2BE893A5000CB8AD /* AppDelegate.swift */ = {isa = PBXFileReference; lastKnownFileType = sourcecode.swift; path = AppDelegate.swift; sourceTree = "<group>"; };
		1A62B86E2BE893A5000CB8AD /* SceneDelegate.swift */ = {isa = PBXFileReference; lastKnownFileType = sourcecode.swift; path = SceneDelegate.swift; sourceTree = "<group>"; };
		1A62B8702BE893A5000CB8AD /* ViewController.swift */ = {isa = PBXFileReference; lastKnownFileType = sourcecode.swift; path = ViewController.swift; sourceTree = "<group>"; };
		1A62B8732BE893A5000CB8AD /* Base */ = {isa = PBXFileReference; lastKnownFileType = file.storyboard; name = Base; path = Base.lproj/Main.storyboard; sourceTree = "<group>"; };
		1A62B8752BE893A7000CB8AD /* Assets.xcassets */ = {isa = PBXFileReference; lastKnownFileType = folder.assetcatalog; path = Assets.xcassets; sourceTree = "<group>"; };
		1A62B8782BE893A7000CB8AD /* Base */ = {isa = PBXFileReference; lastKnownFileType = file.storyboard; name = Base; path = Base.lproj/LaunchScreen.storyboard; sourceTree = "<group>"; };
		1A62B87A2BE893A7000CB8AD /* Info.plist */ = {isa = PBXFileReference; lastKnownFileType = text.plist.xml; path = Info.plist; sourceTree = "<group>"; };
		1A62B8852BE8B67F000CB8AD /* TableViewCell.swift */ = {isa = PBXFileReference; lastKnownFileType = sourcecode.swift; path = TableViewCell.swift; sourceTree = "<group>"; };
		1A62B8872BE90DE7000CB8AD /* APIManager.swift */ = {isa = PBXFileReference; lastKnownFileType = sourcecode.swift; path = APIManager.swift; sourceTree = "<group>"; };
		1A62B8892BE91244000CB8AD /* DataModel.swift */ = {isa = PBXFileReference; lastKnownFileType = sourcecode.swift; path = DataModel.swift; sourceTree = "<group>"; };
/* End PBXFileReference section */

/* Begin PBXFrameworksBuildPhase section */
		1A62B8662BE893A5000CB8AD /* Frameworks */ = {
			isa = PBXFrameworksBuildPhase;
			buildActionMask = 2147483647;
			files = (
				1A62B8822BE8B08F000CB8AD /* SnapKit in Frameworks */,
				15280F4E2EC71F5700B4F4AC /* Then in Frameworks */,
			);
			runOnlyForDeploymentPostprocessing = 0;
		};
/* End PBXFrameworksBuildPhase section */

/* Begin PBXGroup section */
		15280F4F2EC7250600B4F4AC /* Utils */ = {
			isa = PBXGroup;
			children = (
				15280F502EC7251200B4F4AC /* ScreenUtils.swift */,
			);
			path = Utils;
			sourceTree = "<group>";
		};
		1A62B8602BE893A5000CB8AD = {
			isa = PBXGroup;
			children = (
				1A62B86B2BE893A5000CB8AD /* VideoPlayApp */,
				1A62B86A2BE893A5000CB8AD /* Products */,
			);
			sourceTree = "<group>";
		};
		1A62B86A2BE893A5000CB8AD /* Products */ = {
			isa = PBXGroup;
			children = (
				1A62B8692BE893A5000CB8AD /* VideoPlayApp.app */,
			);
			name = Products;
			sourceTree = "<group>";
		};
		1A62B86B2BE893A5000CB8AD /* VideoPlayApp */ = {
			isa = PBXGroup;
			children = (
				15280F4F2EC7250600B4F4AC /* Utils */,
				1ADF02802BE9487800311F97 /* Model */,
				1ADF027F2BE9486500311F97 /* Network */,
				1ADF027E2BE9483100311F97 /* View */,
				1A62B86C2BE893A5000CB8AD /* AppDelegate.swift */,
				1A62B86E2BE893A5000CB8AD /* SceneDelegate.swift */,
				1A62B8722BE893A5000CB8AD /* Main.storyboard */,
				1A62B8752BE893A7000CB8AD /* Assets.xcassets */,
				1A62B8772BE893A7000CB8AD /* LaunchScreen.storyboard */,
				1A62B87A2BE893A7000CB8AD /* Info.plist */,
			);
			path = VideoPlayApp;
			sourceTree = "<group>";
		};
		1ADF027E2BE9483100311F97 /* View */ = {
			isa = PBXGroup;
			children = (
				1A62B8702BE893A5000CB8AD /* ViewController.swift */,
				1A62B8852BE8B67F000CB8AD /* TableViewCell.swift */,
			);
			path = View;
			sourceTree = "<group>";
		};
		1ADF027F2BE9486500311F97 /* Network */ = {
			isa = PBXGroup;
			children = (
				1A62B8872BE90DE7000CB8AD /* APIManager.swift */,
			);
			path = Network;
			sourceTree = "<group>";
		};
		1ADF02802BE9487800311F97 /* Model */ = {
			isa = PBXGroup;
			children = (
				1A62B8892BE91244000CB8AD /* DataModel.swift */,
			);
			path = Model;
			sourceTree = "<group>";
		};
/* End PBXGroup section */

/* Begin PBXNativeTarget section */
		1A62B8682BE893A5000CB8AD /* VideoPlayApp */ = {
			isa = PBXNativeTarget;
			buildConfigurationList = 1A62B87D2BE893A7000CB8AD /* Build configuration list for PBXNativeTarget "VideoPlayApp" */;
			buildPhases = (
				1A62B8652BE893A5000CB8AD /* Sources */,
				1A62B8662BE893A5000CB8AD /* Frameworks */,
				1A62B8672BE893A5000CB8AD /* Resources */,
			);
			buildRules = (
			);
			dependencies = (
			);
			name = VideoPlayApp;
			packageProductDependencies = (
				1A62B8812BE8B08F000CB8AD /* SnapKit */,
				15280F4D2EC71F5700B4F4AC /* Then */,
			);
			productName = VideoPlayApp;
			productReference = 1A62B8692BE893A5000CB8AD /* VideoPlayApp.app */;
			productType = "com.apple.product-type.application";
		};
/* End PBXNativeTarget section */

/* Begin PBXProject section */
		1A62B8612BE893A5000CB8AD /* Project object */ = {
			isa = PBXProject;
			attributes = {
				BuildIndependentTargetsInParallel = 1;
				LastSwiftUpdateCheck = 1530;
				LastUpgradeCheck = 1530;
				TargetAttributes = {
					1A62B8682BE893A5000CB8AD = {
						CreatedOnToolsVersion = 15.3;
					};
				};
			};
			buildConfigurationList = 1A62B8642BE893A5000CB8AD /* Build configuration list for PBXProject "VideoPlayApp" */;
			compatibilityVersion = "Xcode 14.0";
			developmentRegion = en;
			hasScannedForEncodings = 0;
			knownRegions = (
				en,
				Base,
			);
			mainGroup = 1A62B8602BE893A5000CB8AD;
			packageReferences = (
				1A62B8802BE8B08F000CB8AD /* XCRemoteSwiftPackageReference "SnapKit" */,
				15280F4C2EC71F5700B4F4AC /* XCRemoteSwiftPackageReference "Then" */,
			);
			productRefGroup = 1A62B86A2BE893A5000CB8AD /* Products */;
			projectDirPath = "";
			projectRoot = "";
			targets = (
				1A62B8682BE893A5000CB8AD /* VideoPlayApp */,
			);
		};
/* End PBXProject section */

/* Begin PBXResourcesBuildPhase section */
		1A62B8672BE893A5000CB8AD /* Resources */ = {
			isa = PBXResourcesBuildPhase;
			buildActionMask = 2147483647;
			files = (
				1A62B8762BE893A7000CB8AD /* Assets.xcassets in Resources */,
				1A62B8792BE893A7000CB8AD /* Base in Resources */,
				1A62B8742BE893A5000CB8AD /* Base in Resources */,
			);
			runOnlyForDeploymentPostprocessing = 0;
		};
/* End PBXResourcesBuildPhase section */

/* Begin PBXSourcesBuildPhase section */
		1A62B8652BE893A5000CB8AD /* Sources */ = {
			isa = PBXSourcesBuildPhase;
			buildActionMask = 2147483647;
			files = (
				1A62B8712BE893A5000CB8AD /* ViewController.swift in Sources */,
				1A62B8862BE8B67F000CB8AD /* TableViewCell.swift in Sources */,
				1A62B8882BE90DE7000CB8AD /* APIManager.swift in Sources */,
				15280F512EC7251200B4F4AC /* ScreenUtils.swift in Sources */,
				1A62B86D2BE893A5000CB8AD /* AppDelegate.swift in Sources */,
				1A62B86F2BE893A5000CB8AD /* SceneDelegate.swift in Sources */,
				1A62B88A2BE91244000CB8AD /* DataModel.swift in Sources */,
			);
			runOnlyForDeploymentPostprocessing = 0;
		};
/* End PBXSourcesBuildPhase section */

/* Begin PBXVariantGroup section */
		1A62B8722BE893A5000CB8AD /* Main.storyboard */ = {
			isa = PBXVariantGroup;
			children = (
				1A62B8732BE893A5000CB8AD /* Base */,
			);
			name = Main.storyboard;
			sourceTree = "<group>";
		};
		1A62B8772BE893A7000CB8AD /* LaunchScreen.storyboard */ = {
			isa = PBXVariantGroup;
			children = (
				1A62B8782BE893A7000CB8AD /* Base */,
			);
			name = LaunchScreen.storyboard;
			sourceTree = "<group>";
		};
/* End PBXVariantGroup section */

/* Begin XCBuildConfiguration section */
		1A62B87B2BE893A7000CB8AD /* Debug */ = {
			isa = XCBuildConfiguration;
			buildSettings = {
				ALWAYS_SEARCH_USER_PATHS = NO;
				ASSETCATALOG_COMPILER_GENERATE_SWIFT_ASSET_SYMBOL_EXTENSIONS = YES;
				CLANG_ANALYZER_NONNULL = YES;
				CLANG_ANALYZER_NUMBER_OBJECT_CONVERSION = YES_AGGRESSIVE;
				CLANG_CXX_LANGUAGE_STANDARD = "gnu++20";
				CLANG_ENABLE_MODULES = YES;
				CLANG_ENABLE_OBJC_ARC = YES;
				CLANG_ENABLE_OBJC_WEAK = YES;
				CLANG_WARN_BLOCK_CAPTURE_AUTORELEASING = YES;
				CLANG_WARN_BOOL_CONVERSION = YES;
				CLANG_WARN_COMMA = YES;
				CLANG_WARN_CONSTANT_CONVERSION = YES;
				CLANG_WARN_DEPRECATED_OBJC_IMPLEMENTATIONS = YES;
				CLANG_WARN_DIRECT_OBJC_ISA_USAGE = YES_ERROR;
				CLANG_WARN_DOCUMENTATION_COMMENTS = YES;
				CLANG_WARN_EMPTY_BODY = YES;
				CLANG_WARN_ENUM_CONVERSION = YES;
				CLANG_WARN_INFINITE_RECURSION = YES;
				CLANG_WARN_INT_CONVERSION = YES;
				CLANG_WARN_NON_LITERAL_NULL_CONVERSION = YES;
				CLANG_WARN_OBJC_IMPLICIT_RETAIN_SELF = YES;
				CLANG_WARN_OBJC_LITERAL_CONVERSION = YES;
				CLANG_WARN_OBJC_ROOT_CLASS = YES_ERROR;
				CLANG_WARN_QUOTED_INCLUDE_IN_FRAMEWORK_HEADER = YES;
				CLANG_WARN_RANGE_LOOP_ANALYSIS = YES;
				CLANG_WARN_STRICT_PROTOTYPES = YES;
				CLANG_WARN_SUSPICIOUS_MOVE = YES;
				CLANG_WARN_UNGUARDED_AVAILABILITY = YES_AGGRESSIVE;
				CLANG_WARN_UNREACHABLE_CODE = YES;
				CLANG_WARN__DUPLICATE_METHOD_MATCH = YES;
				COPY_PHASE_STRIP = NO;
				DEBUG_INFORMATION_FORMAT = dwarf;
				ENABLE_STRICT_OBJC_MSGSEND = YES;
				ENABLE_TESTABILITY = YES;
				ENABLE_USER_SCRIPT_SANDBOXING = YES;
				GCC_C_LANGUAGE_STANDARD = gnu17;
				GCC_DYNAMIC_NO_PIC = NO;
				GCC_NO_COMMON_BLOCKS = YES;
				GCC_OPTIMIZATION_LEVEL = 0;
				GCC_PREPROCESSOR_DEFINITIONS = (
					"DEBUG=1",
					"$(inherited)",
				);
				GCC_WARN_64_TO_32_BIT_CONVERSION = YES;
				GCC_WARN_ABOUT_RETURN_TYPE = YES_ERROR;
				GCC_WARN_UNDECLARED_SELECTOR = YES;
				GCC_WARN_UNINITIALIZED_AUTOS = YES_AGGRESSIVE;
				GCC_WARN_UNUSED_FUNCTION = YES;
				GCC_WARN_UNUSED_VARIABLE = YES;
				IPHONEOS_DEPLOYMENT_TARGET = 17.4;
				LOCALIZATION_PREFERS_STRING_CATALOGS = YES;
				MTL_ENABLE_DEBUG_INFO = INCLUDE_SOURCE;
				MTL_FAST_MATH = YES;
				ONLY_ACTIVE_ARCH = YES;
				SDKROOT = iphoneos;
				SWIFT_ACTIVE_COMPILATION_CONDITIONS = "DEBUG $(inherited)";
				SWIFT_OPTIMIZATION_LEVEL = "-Onone";
			};
			name = Debug;
		};
		1A62B87C2BE893A7000CB8AD /* Release */ = {
			isa = XCBuildConfiguration;
			buildSettings = {
				ALWAYS_SEARCH_USER_PATHS = NO;
				ASSETCATALOG_COMPILER_GENERATE_SWIFT_ASSET_SYMBOL_EXTENSIONS = YES;
				CLANG_ANALYZER_NONNULL = YES;
				CLANG_ANALYZER_NUMBER_OBJECT_CONVERSION = YES_AGGRESSIVE;
				CLANG_CXX_LANGUAGE_STANDARD = "gnu++20";
				CLANG_ENABLE_MODULES = YES;
				CLANG_ENABLE_OBJC_ARC = YES;
				CLANG_ENABLE_OBJC_WEAK = YES;
				CLANG_WARN_BLOCK_CAPTURE_AUTORELEASING = YES;
				CLANG_WARN_BOOL_CONVERSION = YES;
				CLANG_WARN_COMMA = YES;
				CLANG_WARN_CONSTANT_CONVERSION = YES;
				CLANG_WARN_DEPRECATED_OBJC_IMPLEMENTATIONS = YES;
				CLANG_WARN_DIRECT_OBJC_ISA_USAGE = YES_ERROR;
				CLANG_WARN_DOCUMENTATION_COMMENTS = YES;
				CLANG_WARN_EMPTY_BODY = YES;
				CLANG_WARN_ENUM_CONVERSION = YES;
				CLANG_WARN_INFINITE_RECURSION = YES;
				CLANG_WARN_INT_CONVERSION = YES;
				CLANG_WARN_NON_LITERAL_NULL_CONVERSION = YES;
				CLANG_WARN_OBJC_IMPLICIT_RETAIN_SELF = YES;
				CLANG_WARN_OBJC_LITERAL_CONVERSION = YES;
				CLANG_WARN_OBJC_ROOT_CLASS = YES_ERROR;
				CLANG_WARN_QUOTED_INCLUDE_IN_FRAMEWORK_HEADER = YES;
				CLANG_WARN_RANGE_LOOP_ANALYSIS = YES;
				CLANG_WARN_STRICT_PROTOTYPES = YES;
				CLANG_WARN_SUSPICIOUS_MOVE = YES;
				CLANG_WARN_UNGUARDED_AVAILABILITY = YES_AGGRESSIVE;
				CLANG_WARN_UNREACHABLE_CODE = YES;
				CLANG_WARN__DUPLICATE_METHOD_MATCH = YES;
				COPY_PHASE_STRIP = NO;
				DEBUG_INFORMATION_FORMAT = "dwarf-with-dsym";
				ENABLE_NS_ASSERTIONS = NO;
				ENABLE_STRICT_OBJC_MSGSEND = YES;
				ENABLE_USER_SCRIPT_SANDBOXING = YES;
				GCC_C_LANGUAGE_STANDARD = gnu17;
				GCC_NO_COMMON_BLOCKS = YES;
				GCC_WARN_64_TO_32_BIT_CONVERSION = YES;
				GCC_WARN_ABOUT_RETURN_TYPE = YES_ERROR;
				GCC_WARN_UNDECLARED_SELECTOR = YES;
				GCC_WARN_UNINITIALIZED_AUTOS = YES_AGGRESSIVE;
				GCC_WARN_UNUSED_FUNCTION = YES;
				GCC_WARN_UNUSED_VARIABLE = YES;
				IPHONEOS_DEPLOYMENT_TARGET = 17.4;
				LOCALIZATION_PREFERS_STRING_CATALOGS = YES;
				MTL_ENABLE_DEBUG_INFO = NO;
				MTL_FAST_MATH = YES;
				SDKROOT = iphoneos;
				SWIFT_COMPILATION_MODE = wholemodule;
				VALIDATE_PRODUCT = YES;
			};
			name = Release;
		};
		1A62B87E2BE893A7000CB8AD /* Debug */ = {
			isa = XCBuildConfiguration;
			buildSettings = {
				ASSETCATALOG_COMPILER_APPICON_NAME = AppIcon;
				ASSETCATALOG_COMPILER_GLOBAL_ACCENT_COLOR_NAME = AccentColor;
				CODE_SIGN_STYLE = Automatic;
				CURRENT_PROJECT_VERSION = 1;
				DEVELOPMENT_TEAM = L995XJC5CV;
				GENERATE_INFOPLIST_FILE = YES;
				INFOPLIST_FILE = VideoPlayApp/Info.plist;
				INFOPLIST_KEY_UIApplicationSupportsIndirectInputEvents = YES;
				INFOPLIST_KEY_UILaunchStoryboardName = LaunchScreen;
				INFOPLIST_KEY_UIMainStoryboardFile = Main;
				INFOPLIST_KEY_UISupportedInterfaceOrientations_iPad = "UIInterfaceOrientationPortrait UIInterfaceOrientationPortraitUpsideDown UIInterfaceOrientationLandscapeLeft UIInterfaceOrientationLandscapeRight";
				INFOPLIST_KEY_UISupportedInterfaceOrientations_iPhone = "UIInterfaceOrientationPortrait UIInterfaceOrientationLandscapeLeft UIInterfaceOrientationLandscapeRight";
				LD_RUNPATH_SEARCH_PATHS = (
					"$(inherited)",
					"@executable_path/Frameworks",
				);
				MARKETING_VERSION = 1.0;
				PRODUCT_BUNDLE_IDENTIFIER = com.test.VideoPlayApp;
				PRODUCT_NAME = "$(TARGET_NAME)";
				SWIFT_EMIT_LOC_STRINGS = YES;
				SWIFT_VERSION = 5.0;
				TARGETED_DEVICE_FAMILY = "1,2";
			};
			name = Debug;
		};
		1A62B87F2BE893A7000CB8AD /* Release */ = {
			isa = XCBuildConfiguration;
			buildSettings = {
				ASSETCATALOG_COMPILER_APPICON_NAME = AppIcon;
				ASSETCATALOG_COMPILER_GLOBAL_ACCENT_COLOR_NAME = AccentColor;
				CODE_SIGN_STYLE = Automatic;
				CURRENT_PROJECT_VERSION = 1;
				DEVELOPMENT_TEAM = L995XJC5CV;
				GENERATE_INFOPLIST_FILE = YES;
				INFOPLIST_FILE = VideoPlayApp/Info.plist;
				INFOPLIST_KEY_UIApplicationSupportsIndirectInputEvents = YES;
				INFOPLIST_KEY_UILaunchStoryboardName = LaunchScreen;
				INFOPLIST_KEY_UIMainStoryboardFile = Main;
				INFOPLIST_KEY_UISupportedInterfaceOrientations_iPad = "UIInterfaceOrientationPortrait UIInterfaceOrientationPortraitUpsideDown UIInterfaceOrientationLandscapeLeft UIInterfaceOrientationLandscapeRight";
				INFOPLIST_KEY_UISupportedInterfaceOrientations_iPhone = "UIInterfaceOrientationPortrait UIInterfaceOrientationLandscapeLeft UIInterfaceOrientationLandscapeRight";
				LD_RUNPATH_SEARCH_PATHS = (
					"$(inherited)",
					"@executable_path/Frameworks",
				);
				MARKETING_VERSION = 1.0;
				PRODUCT_BUNDLE_IDENTIFIER = com.test.VideoPlayApp;
				PRODUCT_NAME = "$(TARGET_NAME)";
				SWIFT_EMIT_LOC_STRINGS = YES;
				SWIFT_VERSION = 5.0;
				TARGETED_DEVICE_FAMILY = "1,2";
			};
			name = Release;
		};
/* End XCBuildConfiguration section */

/* Begin XCConfigurationList section */
		1A62B8642BE893A5000CB8AD /* Build configuration list for PBXProject "VideoPlayApp" */ = {
			isa = XCConfigurationList;
			buildConfigurations = (
				1A62B87B2BE893A7000CB8AD /* Debug */,
				1A62B87C2BE893A7000CB8AD /* Release */,
			);
			defaultConfigurationIsVisible = 0;
			defaultConfigurationName = Release;
		};
		1A62B87D2BE893A7000CB8AD /* Build configuration list for PBXNativeTarget "VideoPlayApp" */ = {
			isa = XCConfigurationList;
			buildConfigurations = (
				1A62B87E2BE893A7000CB8AD /* Debug */,
				1A62B87F2BE893A7000CB8AD /* Release */,
			);
			defaultConfigurationIsVisible = 0;
			defaultConfigurationName = Release;
		};
/* End XCConfigurationList section */

/* Begin XCRemoteSwiftPackageReference section */
		15280F4C2EC71F5700B4F4AC /* XCRemoteSwiftPackageReference "Then" */ = {
			isa = XCRemoteSwiftPackageReference;
			repositoryURL = "https://github.com/devxoul/Then.git";
			requirement = {
				kind = upToNextMajorVersion;
				minimumVersion = 3.0.0;
			};
		};
		1A62B8802BE8B08F000CB8AD /* XCRemoteSwiftPackageReference "SnapKit" */ = {
			isa = XCRemoteSwiftPackageReference;
			repositoryURL = "https://github.com/SnapKit/SnapKit.git";
			requirement = {
				kind = upToNextMajorVersion;
				minimumVersion = 5.7.1;
			};
		};
/* End XCRemoteSwiftPackageReference section */

/* Begin XCSwiftPackageProductDependency section */
		15280F4D2EC71F5700B4F4AC /* Then */ = {
			isa = XCSwiftPackageProductDependency;
			package = 15280F4C2EC71F5700B4F4AC /* XCRemoteSwiftPackageReference "Then" */;
			productName = Then;
		};
		1A62B8812BE8B08F000CB8AD /* SnapKit */ = {
			isa = XCSwiftPackageProductDependency;
			package = 1A62B8802BE8B08F000CB8AD /* XCRemoteSwiftPackageReference "SnapKit" */;
			productName = SnapKit;
		};
/* End XCSwiftPackageProductDependency section */
	};
	rootObject = 1A62B8612BE893A5000CB8AD /* Project object */;
}
